
Microsoft Visual Studio Solution File, Format Version 12.00
# Visual Studio Version 16
VisualStudioVersion = 16.0.31112.23
MinimumVisualStudioVersion = 10.0.40219.1
Project("{FAE04EC0-301F-11D3-BF4B-00C04F79EFBC}") = "HanoiTower", "HanoiTower\HanoiTower.csproj", "{47CF9C6E-13C0-4781-95B3-4E872682A291}"
EndProject
Project("{FAE04EC0-301F-11D3-BF4B-00C04F79EFBC}") = "TestHanoiTower", "TestHanoiTower\TestHanoiTower.csproj", "{79E2F232-318D-42F4-B5AF-B564C16F8352}"
EndProject
Global
	GlobalSection(SolutionConfigurationPlatforms) = preSolution
		Debug|Any CPU = Debug|Any CPU
		Release|Any CPU = Release|Any CPU
	EndGlobalSection
	GlobalSection(ProjectConfigurationPlatforms) = postSolution
		{47CF9C6E-13C0-4781-95B3-4E872682A291}.Debug|Any CPU.ActiveCfg = Debug|Any CPU
		{47CF9C6E-13C0-4781-95B3-4E872682A291}.Debug|Any CPU.Build.0 = Debug|Any CPU
		{47CF9C6E-13C0-4781-95B3-4E872682A291}.Release|Any CPU.ActiveCfg = Release|Any CPU
		{47CF9C6E-13C0-4781-95B3-4E872682A291}.Release|Any CPU.Build.0 = Release|Any CPU
		{79E2F232-318D-42F4-B5AF-B564C16F8352}.Debug|Any CPU.ActiveCfg = Debug|Any CPU
		{79E2F232-318D-42F4-B5AF-B564C16F8352}.Debug|Any CPU.Build.0 = Debug|Any CPU
		{79E2F232-318D-42F4-B5AF-B564C16F8352}.Release|Any CPU.ActiveCfg = Release|Any CPU
		{79E2F232-318D-42F4-B5AF-B564C16F8352}.Release|Any CPU.Build.0 = Release|Any CPU
	EndGlobalSection
	GlobalSection(SolutionProperties) = preSolution
		HideSolutionNode = FALSE
	EndGlobalSection
	GlobalSection(ExtensibilityGlobals) = postSolution
		SolutionGuid = {6D69BD5D-F8B4-4ACB-97BA-FA85721E6135}
	EndGlobalSection
EndGlobal
